PODS:
  - FchKit (0.1.3):
    - SnapKit
  - SnapKit (4.0.1)

DEPENDENCIES:
  - FchKit (from `../`)

SPEC REPOS:
  https://github.com/cocoapods/specs.git:
    - SnapKit

EXTERNAL SOURCES:
  FchKit:
    :path: "../"

SPEC CHECKSUMS:
  FchKit: 5fb2983302a6905191c691c6082ab732935c6a4b
  SnapKit: 0de968a9fec17499afa29683b05d0c775b6d1c29

PODFILE CHECKSUM: b7ed3267ba59f5600d352148df392fb224fb6dc4

COCOAPODS: 1.5.3
