PODS:
  - BAlert (0.1.2)
  - FchKit (0.1.4):
    - BAlert
    - SnapKit
  - SnapKit (4.2.0)

DEPENDENCIES:
  - FchKit (from `../`)

SPEC REPOS:
  https://github.com/cocoapods/specs.git:
    - BAlert
    - SnapKit

EXTERNAL SOURCES:
  FchKit:
    :path: "../"

SPEC CHECKSUMS:
  BAlert: 1be1f3586f0b70c34fa92ce9c584551d4a3b26ee
  FchKit: 0bb15150013bdd65d508164dc95d583c753c7684
  SnapKit: fe8a619752f3f27075cc9a90244d75c6c3f27e2a

PODFILE CHECKSUM: b7ed3267ba59f5600d352148df392fb224fb6dc4

COCOAPODS: 1.5.3
