PODS:
  - FchKit (0.1.0):
    - SnapKit
  - SnapKit (4.0.1)

DEPENDENCIES:
  - FchKit (from `../`)

SPEC REPOS:
  https://github.com/cocoapods/specs.git:
    - SnapKit

EXTERNAL SOURCES:
  FchKit:
    :path: "../"

SPEC CHECKSUMS:
  FchKit: 68168c86f3c524fd1fd503387abc20679e5d676b
  SnapKit: 0de968a9fec17499afa29683b05d0c775b6d1c29

PODFILE CHECKSUM: b7ed3267ba59f5600d352148df392fb224fb6dc4

COCOAPODS: 1.5.3
